Microsoft Visual Studio Solution File, Format Version 12.00
# Visual Studio Version 17
VisualStudioVersion = 17.5.2.0
MinimumVisualStudioVersion = 10.0.40219.1
Project("{FAE04EC0-301F-11D3-BF4B-00C04F79EFBC}") = "PokeBar", "PokeBar.csproj", "{0E9A29D8-0CCC-84F3-5A3A-315C76B4E82B}"
EndProject
Global
	GlobalSection(SolutionConfigurationPlatforms) = preSolution
		Debug|Any CPU = Debug|Any CPU
		Release|Any CPU = Release|Any CPU
	EndGlobalSection
	GlobalSection(ProjectConfigurationPlatforms) = postSolution
		{0E9A29D8-0CCC-84F3-5A3A-315C76B4E82B}.Debug|Any CPU.ActiveCfg = Debug|Any CPU
		{0E9A29D8-0CCC-84F3-5A3A-315C76B4E82B}.Debug|Any CPU.Build.0 = Debug|Any CPU
		{0E9A29D8-0CCC-84F3-5A3A-315C76B4E82B}.Release|Any CPU.ActiveCfg = Release|Any CPU
		{0E9A29D8-0CCC-84F3-5A3A-315C76B4E82B}.Release|Any CPU.Build.0 = Release|Any CPU
	EndGlobalSection
	GlobalSection(SolutionProperties) = preSolution
		HideSolutionNode = FALSE
	EndGlobalSection
	GlobalSection(ExtensibilityGlobals) = postSolution
		SolutionGuid = {1BAB8306-86CC-42C8-BACE-A4C512D43023}
	EndGlobalSection
EndGlobal
